
Microsoft Visual Studio Solution File, Format Version 12.00
# Visual Studio Version 17
VisualStudioVersion = 17.0.31912.275
MinimumVisualStudioVersion = 10.0.40219.1
Project("{FAE04EC0-301F-11D3-BF4B-00C04F79EFBC}") = "Day-33-ADO.NetCRUD-EmployeePayRoll-AdvanceAddressBook", "Day-33-ADO.NetCRUD-EmployeePayRoll-AdvanceAddressBook\Day-33-ADO.NetCRUD-EmployeePayRoll-AdvanceAddressBook.csproj", "{15C5783B-006C-4235-BD23-D14EF5861519}"
EndProject
Global
	GlobalSection(SolutionConfigurationPlatforms) = preSolution
		Debug|Any CPU = Debug|Any CPU
		Release|Any CPU = Release|Any CPU
	EndGlobalSection
	GlobalSection(ProjectConfigurationPlatforms) = postSolution
		{15C5783B-006C-4235-BD23-D14EF5861519}.Debug|Any CPU.ActiveCfg = Debug|Any CPU
		{15C5783B-006C-4235-BD23-D14EF5861519}.Debug|Any CPU.Build.0 = Debug|Any CPU
		{15C5783B-006C-4235-BD23-D14EF5861519}.Release|Any CPU.ActiveCfg = Release|Any CPU
		{15C5783B-006C-4235-BD23-D14EF5861519}.Release|Any CPU.Build.0 = Release|Any CPU
	EndGlobalSection
	GlobalSection(SolutionProperties) = preSolution
		HideSolutionNode = FALSE
	EndGlobalSection
	GlobalSection(ExtensibilityGlobals) = postSolution
		SolutionGuid = {67CC9B84-0F58-4C71-B977-9B442371D55A}
	EndGlobalSection
EndGlobal
